
Microsoft Visual Studio Solution File, Format Version 12.00
# Visual Studio 2012
Project("{FAE04EC0-301F-11D3-BF4B-00C04F79EFBC}") = "AwesomeBlog", "AwesomeBlog\AwesomeBlog.csproj", "{5DC6F521-10D9-4AB3-B9F9-209BECF047CA}"
EndProject
Global
	GlobalSection(SolutionConfigurationPlatforms) = preSolution
		Debug|Any CPU = Debug|Any CPU
		Release|Any CPU = Release|Any CPU
	EndGlobalSection
	GlobalSection(ProjectConfigurationPlatforms) = postSolution
		{5DC6F521-10D9-4AB3-B9F9-209BECF047CA}.Debug|Any CPU.ActiveCfg = Debug|Any CPU
		{5DC6F521-10D9-4AB3-B9F9-209BECF047CA}.Debug|Any CPU.Build.0 = Debug|Any CPU
		{5DC6F521-10D9-4AB3-B9F9-209BECF047CA}.Release|Any CPU.ActiveCfg = Release|Any CPU
		{5DC6F521-10D9-4AB3-B9F9-209BECF047CA}.Release|Any CPU.Build.0 = Release|Any CPU
	EndGlobalSection
	GlobalSection(SolutionProperties) = preSolution
		HideSolutionNode = FALSE
	EndGlobalSection
EndGlobal
